
Microsoft Visual Studio Solution File, Format Version 12.00
# Visual Studio Version 16
VisualStudioVersion = 16.0.33130.400
MinimumVisualStudioVersion = 10.0.40219.1
Project("{FAE04EC0-301F-11D3-BF4B-00C04F79EFBC}") = "text_6", "text_6\text_6.csproj", "{579E397E-CA43-4F74-B3E5-2312C78A971C}"
EndProject
Global
	GlobalSection(SolutionConfigurationPlatforms) = preSolution
		Debug|Any CPU = Debug|Any CPU
		Release|Any CPU = Release|Any CPU
	EndGlobalSection
	GlobalSection(ProjectConfigurationPlatforms) = postSolution
		{579E397E-CA43-4F74-B3E5-2312C78A971C}.Debug|Any CPU.ActiveCfg = Debug|Any CPU
		{579E397E-CA43-4F74-B3E5-2312C78A971C}.Debug|Any CPU.Build.0 = Debug|Any CPU
		{579E397E-CA43-4F74-B3E5-2312C78A971C}.Release|Any CPU.ActiveCfg = Release|Any CPU
		{579E397E-CA43-4F74-B3E5-2312C78A971C}.Release|Any CPU.Build.0 = Release|Any CPU
	EndGlobalSection
	GlobalSection(SolutionProperties) = preSolution
		HideSolutionNode = FALSE
	EndGlobalSection
	GlobalSection(ExtensibilityGlobals) = postSolution
		SolutionGuid = {5424F262-E857-4746-A51A-47D5605EBED1}
	EndGlobalSection
EndGlobal
